{
  "name": "@alexanderbast/eslint-config",
  "version": "1.2.0",
  "lockfileVersion": 1,
  "requires": true,
  "dependencies": {
    "json-comments": {
      "version": "0.2.1",
      "resolved": "https://registry.npmjs.org/json-comments/-/json-comments-0.2.1.tgz",
      "integrity": "sha1-vpsRGiFsdEYy/T5aqCY0ssII5EE="
    }
  }
}
